
Microsoft Visual Studio Solution File, Format Version 12.00
# Visual Studio Version 16
VisualStudioVersion = 16.0.31515.178
MinimumVisualStudioVersion = 10.0.40219.1
Project("{FAE04EC0-301F-11D3-BF4B-00C04F79EFBC}") = "Owlbot.UWP", "Owlbot.UWP\Owlbot.UWP.csproj", "{61A2BBF0-6FD8-4327-BC49-FACF93B179A4}"
EndProject
Project("{FAE04EC0-301F-11D3-BF4B-00C04F79EFBC}") = "Owlbot.Android", "Owlbot.Android\Owlbot.Android.csproj", "{879FE44A-B5E8-4B61-9780-85D87D22AAD8}"
EndProject
Project("{FAE04EC0-301F-11D3-BF4B-00C04F79EFBC}") = "Owlbot.iOS", "Owlbot.iOS\Owlbot.iOS.csproj", "{EBD7C797-E408-4B4B-9AC0-6942490F0A4B}"
EndProject
Project("{FAE04EC0-301F-11D3-BF4B-00C04F79EFBC}") = "Owlbot", "Owlbot\Owlbot.csproj", "{550C059A-9FAA-43D3-98E6-EC5301567ABF}"
EndProject
Global
	GlobalSection(SolutionConfigurationPlatforms) = preSolution
		Debug|Any CPU = Debug|Any CPU
		Debug|ARM = Debug|ARM
		Debug|iPhone = Debug|iPhone
		Debug|iPhoneSimulator = Debug|iPhoneSimulator
		Debug|x64 = Debug|x64
		Debug|x86 = Debug|x86
		Release|Any CPU = Release|Any CPU
		Release|ARM = Release|ARM
		Release|iPhone = Release|iPhone
		Release|iPhoneSimulator = Release|iPhoneSimulator
		Release|x64 = Release|x64
		Release|x86 = Release|x86
	EndGlobalSection
	GlobalSection(ProjectConfigurationPlatforms) = postSolution
		{61A2BBF0-6FD8-4327-BC49-FACF93B179A4}.Debug|Any CPU.ActiveCfg = Debug|x86
		{61A2BBF0-6FD8-4327-BC49-FACF93B179A4}.Debug|Any CPU.Build.0 = Debug|x86
		{61A2BBF0-6FD8-4327-BC49-FACF93B179A4}.Debug|Any CPU.Deploy.0 = Debug|x86
		{61A2BBF0-6FD8-4327-BC49-FACF93B179A4}.Debug|ARM.ActiveCfg = Debug|ARM
		{61A2BBF0-6FD8-4327-BC49-FACF93B179A4}.Debug|ARM.Build.0 = Debug|ARM
		{61A2BBF0-6FD8-4327-BC49-FACF93B179A4}.Debug|ARM.Deploy.0 = Debug|ARM
		{61A2BBF0-6FD8-4327-BC49-FACF93B179A4}.Debug|iPhone.ActiveCfg = Debug|x86
		{61A2BBF0-6FD8-4327-BC49-FACF93B179A4}.Debug|iPhone.Build.0 = Debug|x86
		{61A2BBF0-6FD8-4327-BC49-FACF93B179A4}.Debug|iPhone.Deploy.0 = Debug|x86
		{61A2BBF0-6FD8-4327-BC49-FACF93B179A4}.Debug|iPhoneSimulator.ActiveCfg = Debug|x86
		{61A2BBF0-6FD8-4327-BC49-FACF93B179A4}.Debug|iPhoneSimulator.Build.0 = Debug|x86
		{61A2BBF0-6FD8-4327-BC49-FACF93B179A4}.Debug|iPhoneSimulator.Deploy.0 = Debug|x86
		{61A2BBF0-6FD8-4327-BC49-FACF93B179A4}.Debug|x64.ActiveCfg = Debug|x64
		{61A2BBF0-6FD8-4327-BC49-FACF93B179A4}.Debug|x64.Build.0 = Debug|x64
		{61A2BBF0-6FD8-4327-BC49-FACF93B179A4}.Debug|x64.Deploy.0 = Debug|x64
		{61A2BBF0-6FD8-4327-BC49-FACF93B179A4}.Debug|x86.ActiveCfg = Debug|x86
		{61A2BBF0-6FD8-4327-BC49-FACF93B179A4}.Debug|x86.Build.0 = Debug|x86
		{61A2BBF0-6FD8-4327-BC49-FACF93B179A4}.Debug|x86.Deploy.0 = Debug|x86
		{61A2BBF0-6FD8-4327-BC49-FACF93B179A4}.Release|Any CPU.ActiveCfg = Release|x86
		{61A2BBF0-6FD8-4327-BC49-FACF93B179A4}.Release|Any CPU.Build.0 = Release|x86
		{61A2BBF0-6FD8-4327-BC49-FACF93B179A4}.Release|Any CPU.Deploy.0 = Release|x86
		{61A2BBF0-6FD8-4327-BC49-FACF93B179A4}.Release|ARM.ActiveCfg = Release|ARM
		{61A2BBF0-6FD8-4327-BC49-FACF93B179A4}.Release|ARM.Build.0 = Release|ARM
		{61A2BBF0-6FD8-4327-BC49-FACF93B179A4}.Release|ARM.Deploy.0 = Release|ARM
		{61A2BBF0-6FD8-4327-BC49-FACF93B179A4}.Release|iPhone.ActiveCfg = Release|x86
		{61A2BBF0-6FD8-4327-BC49-FACF93B179A4}.Release|iPhone.Build.0 = Release|x86
		{61A2BBF0-6FD8-4327-BC49-FACF93B179A4}.Release|iPhone.Deploy.0 = Release|x86
		{61A2BBF0-6FD8-4327-BC49-FACF93B179A4}.Release|iPhoneSimulator.ActiveCfg = Release|x86
		{61A2BBF0-6FD8-4327-BC49-FACF93B179A4}.Release|iPhoneSimulator.Build.0 = Release|x86
		{61A2BBF0-6FD8-4327-BC49-FACF93B179A4}.Release|iPhoneSimulator.Deploy.0 = Release|x86
		{61A2BBF0-6FD8-4327-BC49-FACF93B179A4}.Release|x64.ActiveCfg = Release|x64
		{61A2BBF0-6FD8-4327-BC49-FACF93B179A4}.Release|x64.Build.0 = Release|x64
		{61A2BBF0-6FD8-4327-BC49-FACF93B179A4}.Release|x64.Deploy.0 = Release|x64
		{61A2BBF0-6FD8-4327-BC49-FACF93B179A4}.Release|x86.ActiveCfg = Release|x86
		{61A2BBF0-6FD8-4327-BC49-FACF93B179A4}.Release|x86.Build.0 = Release|x86
		{61A2BBF0-6FD8-4327-BC49-FACF93B179A4}.Release|x86.Deploy.0 = Release|x86
		{879FE44A-B5E8-4B61-9780-85D87D22AAD8}.Debug|Any CPU.ActiveCfg = Debug|Any CPU
		{879FE44A-B5E8-4B61-9780-85D87D22AAD8}.Debug|Any CPU.Build.0 = Debug|Any CPU
		{879FE44A-B5E8-4B61-9780-85D87D22AAD8}.Debug|Any CPU.Deploy.0 = Debug|Any CPU
		{879FE44A-B5E8-4B61-9780-85D87D22AAD8}.Debug|ARM.ActiveCfg = Debug|Any CPU
		{879FE44A-B5E8-4B61-9780-85D87D22AAD8}.Debug|ARM.Build.0 = Debug|Any CPU
		{879FE44A-B5E8-4B61-9780-85D87D22AAD8}.Debug|ARM.Deploy.0 = Debug|Any CPU
		{879FE44A-B5E8-4B61-9780-85D87D22AAD8}.Debug|iPhone.ActiveCfg = Debug|Any CPU
		{879FE44A-B5E8-4B61-9780-85D87D22AAD8}.Debug|iPhone.Build.0 = Debug|Any CPU
		{879FE44A-B5E8-4B61-9780-85D87D22AAD8}.Debug|iPhone.Deploy.0 = Debug|Any CPU
		{879FE44A-B5E8-4B61-9780-85D87D22AAD8}.Debug|iPhoneSimulator.ActiveCfg = Debug|Any CPU
		{879FE44A-B5E8-4B61-9780-85D87D22AAD8}.Debug|iPhoneSimulator.Build.0 = Debug|Any CPU
		{879FE44A-B5E8-4B61-9780-85D87D22AAD8}.Debug|iPhoneSimulator.Deploy.0 = Debug|Any CPU
		{879FE44A-B5E8-4B61-9780-85D87D22AAD8}.Debug|x64.ActiveCfg = Debug|Any CPU
		{879FE44A-B5E8-4B61-9780-85D87D22AAD8}.Debug|x64.Build.0 = Debug|Any CPU
		{879FE44A-B5E8-4B61-9780-85D87D22AAD8}.Debug|x64.Deploy.0 = Debug|Any CPU
		{879FE44A-B5E8-4B61-9780-85D87D22AAD8}.Debug|x86.ActiveCfg = Debug|Any CPU
		{879FE44A-B5E8-4B61-9780-85D87D22AAD8}.Debug|x86.Build.0 = Debug|Any CPU
		{879FE44A-B5E8-4B61-9780-85D87D22AAD8}.Debug|x86.Deploy.0 = Debug|Any CPU
		{879FE44A-B5E8-4B61-9780-85D87D22AAD8}.Release|Any CPU.ActiveCfg = Release|Any CPU
		{879FE44A-B5E8-4B61-9780-85D87D22AAD8}.Release|Any CPU.Build.0 = Release|Any CPU
		{879FE44A-B5E8-4B61-9780-85D87D22AAD8}.Release|Any CPU.Deploy.0 = Release|Any CPU
		{879FE44A-B5E8-4B61-9780-85D87D22AAD8}.Release|ARM.ActiveCfg = Release|Any CPU
		{879FE44A-B5E8-4B61-9780-85D87D22AAD8}.Release|ARM.Build.0 = Release|Any CPU
		{879FE44A-B5E8-4B61-9780-85D87D22AAD8}.Release|ARM.Deploy.0 = Release|Any CPU
		{879FE44A-B5E8-4B61-9780-85D87D22AAD8}.Release|iPhone.ActiveCfg = Release|Any CPU
		{879FE44A-B5E8-4B61-9780-85D87D22AAD8}.Release|iPhone.Build.0 = Release|Any CPU
		{879FE44A-B5E8-4B61-9780-85D87D22AAD8}.Release|iPhone.Deploy.0 = Release|Any CPU
		{879FE44A-B5E8-4B61-9780-85D87D22AAD8}.Release|iPhoneSimulator.ActiveCfg = Release|Any CPU
		{879FE44A-B5E8-4B61-9780-85D87D22AAD8}.Release|iPhoneSimulator.Build.0 = Release|Any CPU
		{879FE44A-B5E8-4B61-9780-85D87D22AAD8}.Release|iPhoneSimulator.Deploy.0 = Release|Any CPU
		{879FE44A-B5E8-4B61-9780-85D87D22AAD8}.Release|x64.ActiveCfg = Release|Any CPU
		{879FE44A-B5E8-4B61-9780-85D87D22AAD8}.Release|x64.Build.0 = Release|Any CPU
		{879FE44A-B5E8-4B61-9780-85D87D22AAD8}.Release|x64.Deploy.0 = Release|Any CPU
		{879FE44A-B5E8-4B61-9780-85D87D22AAD8}.Release|x86.ActiveCfg = Release|Any CPU
		{879FE44A-B5E8-4B61-9780-85D87D22AAD8}.Release|x86.Build.0 = Release|Any CPU
		{879FE44A-B5E8-4B61-9780-85D87D22AAD8}.Release|x86.Deploy.0 = Release|Any CPU
		{EBD7C797-E408-4B4B-9AC0-6942490F0A4B}.Debug|Any CPU.ActiveCfg = Debug|iPhoneSimulator
		{EBD7C797-E408-4B4B-9AC0-6942490F0A4B}.Debug|Any CPU.Build.0 = Debug|iPhoneSimulator
		{EBD7C797-E408-4B4B-9AC0-6942490F0A4B}.Debug|Any CPU.Deploy.0 = Debug|iPhoneSimulator
		{EBD7C797-E408-4B4B-9AC0-6942490F0A4B}.Debug|ARM.ActiveCfg = Debug|iPhone
		{EBD7C797-E408-4B4B-9AC0-6942490F0A4B}.Debug|ARM.Build.0 = Debug|iPhone
		{EBD7C797-E408-4B4B-9AC0-6942490F0A4B}.Debug|ARM.Deploy.0 = Debug|iPhone
		{EBD7C797-E408-4B4B-9AC0-6942490F0A4B}.Debug|iPhone.ActiveCfg = Debug|iPhone
		{EBD7C797-E408-4B4B-9AC0-6942490F0A4B}.Debug|iPhone.Build.0 = Debug|iPhone
		{EBD7C797-E408-4B4B-9AC0-6942490F0A4B}.Debug|iPhone.Deploy.0 = Debug|iPhone
		{EBD7C797-E408-4B4B-9AC0-6942490F0A4B}.Debug|iPhoneSimulator.ActiveCfg = Debug|iPhoneSimulator
		{EBD7C797-E408-4B4B-9AC0-6942490F0A4B}.Debug|iPhoneSimulator.Build.0 = Debug|iPhoneSimulator
		{EBD7C797-E408-4B4B-9AC0-6942490F0A4B}.Debug|iPhoneSimulator.Deploy.0 = Debug|iPhoneSimulator
		{EBD7C797-E408-4B4B-9AC0-6942490F0A4B}.Debug|x64.ActiveCfg = Debug|iPhoneSimulator
		{EBD7C797-E408-4B4B-9AC0-6942490F0A4B}.Debug|x64.Build.0 = Debug|iPhoneSimulator
		{EBD7C797-E408-4B4B-9AC0-6942490F0A4B}.Debug|x64.Deploy.0 = Debug|iPhoneSimulator
		{EBD7C797-E408-4B4B-9AC0-6942490F0A4B}.Debug|x86.ActiveCfg = Debug|iPhoneSimulator
		{EBD7C797-E408-4B4B-9AC0-6942490F0A4B}.Debug|x86.Build.0 = Debug|iPhoneSimulator
		{EBD7C797-E408-4B4B-9AC0-6942490F0A4B}.Debug|x86.Deploy.0 = Debug|iPhoneSimulator
		{EBD7C797-E408-4B4B-9AC0-6942490F0A4B}.Release|Any CPU.ActiveCfg = Release|iPhoneSimulator
		{EBD7C797-E408-4B4B-9AC0-6942490F0A4B}.Release|Any CPU.Build.0 = Release|iPhoneSimulator
		{EBD7C797-E408-4B4B-9AC0-6942490F0A4B}.Release|Any CPU.Deploy.0 = Release|iPhoneSimulator
		{EBD7C797-E408-4B4B-9AC0-6942490F0A4B}.Release|ARM.ActiveCfg = Release|iPhoneSimulator
		{EBD7C797-E408-4B4B-9AC0-6942490F0A4B}.Release|ARM.Build.0 = Release|iPhoneSimulator
		{EBD7C797-E408-4B4B-9AC0-6942490F0A4B}.Release|ARM.Deploy.0 = Release|iPhoneSimulator
		{EBD7C797-E408-4B4B-9AC0-6942490F0A4B}.Release|iPhone.ActiveCfg = Release|iPhone
		{EBD7C797-E408-4B4B-9AC0-6942490F0A4B}.Release|iPhone.Build.0 = Release|iPhone
		{EBD7C797-E408-4B4B-9AC0-6942490F0A4B}.Release|iPhone.Deploy.0 = Release|iPhone
		{EBD7C797-E408-4B4B-9AC0-6942490F0A4B}.Release|iPhoneSimulator.ActiveCfg = Release|iPhoneSimulator
		{EBD7C797-E408-4B4B-9AC0-6942490F0A4B}.Release|iPhoneSimulator.Build.0 = Release|iPhoneSimulator
		{EBD7C797-E408-4B4B-9AC0-6942490F0A4B}.Release|iPhoneSimulator.Deploy.0 = Release|iPhoneSimulator
		{EBD7C797-E408-4B4B-9AC0-6942490F0A4B}.Release|x64.ActiveCfg = Release|iPhoneSimulator
		{EBD7C797-E408-4B4B-9AC0-6942490F0A4B}.Release|x64.Build.0 = Release|iPhoneSimulator
		{EBD7C797-E408-4B4B-9AC0-6942490F0A4B}.Release|x64.Deploy.0 = Release|iPhoneSimulator
		{EBD7C797-E408-4B4B-9AC0-6942490F0A4B}.Release|x86.ActiveCfg = Release|iPhoneSimulator
		{EBD7C797-E408-4B4B-9AC0-6942490F0A4B}.Release|x86.Build.0 = Release|iPhoneSimulator
		{EBD7C797-E408-4B4B-9AC0-6942490F0A4B}.Release|x86.Deploy.0 = Release|iPhoneSimulator
		{550C059A-9FAA-43D3-98E6-EC5301567ABF}.Debug|Any CPU.ActiveCfg = Debug|Any CPU
		{550C059A-9FAA-43D3-98E6-EC5301567ABF}.Debug|Any CPU.Build.0 = Debug|Any CPU
		{550C059A-9FAA-43D3-98E6-EC5301567ABF}.Debug|Any CPU.Deploy.0 = Debug|Any CPU
		{550C059A-9FAA-43D3-98E6-EC5301567ABF}.Debug|ARM.ActiveCfg = Debug|Any CPU
		{550C059A-9FAA-43D3-98E6-EC5301567ABF}.Debug|ARM.Build.0 = Debug|Any CPU
		{550C059A-9FAA-43D3-98E6-EC5301567ABF}.Debug|ARM.Deploy.0 = Debug|Any CPU
		{550C059A-9FAA-43D3-98E6-EC5301567ABF}.Debug|iPhone.ActiveCfg = Debug|Any CPU
		{550C059A-9FAA-43D3-98E6-EC5301567ABF}.Debug|iPhone.Build.0 = Debug|Any CPU
		{550C059A-9FAA-43D3-98E6-EC5301567ABF}.Debug|iPhone.Deploy.0 = Debug|Any CPU
		{550C059A-9FAA-43D3-98E6-EC5301567ABF}.Debug|iPhoneSimulator.ActiveCfg = Debug|Any CPU
		{550C059A-9FAA-43D3-98E6-EC5301567ABF}.Debug|iPhoneSimulator.Build.0 = Debug|Any CPU
		{550C059A-9FAA-43D3-98E6-EC5301567ABF}.Debug|iPhoneSimulator.Deploy.0 = Debug|Any CPU
		{550C059A-9FAA-43D3-98E6-EC5301567ABF}.Debug|x64.ActiveCfg = Debug|Any CPU
		{550C059A-9FAA-43D3-98E6-EC5301567ABF}.Debug|x64.Build.0 = Debug|Any CPU
		{550C059A-9FAA-43D3-98E6-EC5301567ABF}.Debug|x64.Deploy.0 = Debug|Any CPU
		{550C059A-9FAA-43D3-98E6-EC5301567ABF}.Debug|x86.ActiveCfg = Debug|Any CPU
		{550C059A-9FAA-43D3-98E6-EC5301567ABF}.Debug|x86.Build.0 = Debug|Any CPU
		{550C059A-9FAA-43D3-98E6-EC5301567ABF}.Debug|x86.Deploy.0 = Debug|Any CPU
		{550C059A-9FAA-43D3-98E6-EC5301567ABF}.Release|Any CPU.ActiveCfg = Release|Any CPU
		{550C059A-9FAA-43D3-98E6-EC5301567ABF}.Release|Any CPU.Build.0 = Release|Any CPU
		{550C059A-9FAA-43D3-98E6-EC5301567ABF}.Release|Any CPU.Deploy.0 = Release|Any CPU
		{550C059A-9FAA-43D3-98E6-EC5301567ABF}.Release|ARM.ActiveCfg = Release|Any CPU
		{550C059A-9FAA-43D3-98E6-EC5301567ABF}.Release|ARM.Build.0 = Release|Any CPU
		{550C059A-9FAA-43D3-98E6-EC5301567ABF}.Release|ARM.Deploy.0 = Release|Any CPU
		{550C059A-9FAA-43D3-98E6-EC5301567ABF}.Release|iPhone.ActiveCfg = Release|Any CPU
		{550C059A-9FAA-43D3-98E6-EC5301567ABF}.Release|iPhone.Build.0 = Release|Any CPU
		{550C059A-9FAA-43D3-98E6-EC5301567ABF}.Release|iPhone.Deploy.0 = Release|Any CPU
		{550C059A-9FAA-43D3-98E6-EC5301567ABF}.Release|iPhoneSimulator.ActiveCfg = Release|Any CPU
		{550C059A-9FAA-43D3-98E6-EC5301567ABF}.Release|iPhoneSimulator.Build.0 = Release|Any CPU
		{550C059A-9FAA-43D3-98E6-EC5301567ABF}.Release|iPhoneSimulator.Deploy.0 = Release|Any CPU
		{550C059A-9FAA-43D3-98E6-EC5301567ABF}.Release|x64.ActiveCfg = Release|Any CPU
		{550C059A-9FAA-43D3-98E6-EC5301567ABF}.Release|x64.Build.0 = Release|Any CPU
		{550C059A-9FAA-43D3-98E6-EC5301567ABF}.Release|x64.Deploy.0 = Release|Any CPU
		{550C059A-9FAA-43D3-98E6-EC5301567ABF}.Release|x86.ActiveCfg = Release|Any CPU
		{550C059A-9FAA-43D3-98E6-EC5301567ABF}.Release|x86.Build.0 = Release|Any CPU
		{550C059A-9FAA-43D3-98E6-EC5301567ABF}.Release|x86.Deploy.0 = Release|Any CPU
	EndGlobalSection
	GlobalSection(SolutionProperties) = preSolution
		HideSolutionNode = FALSE
	EndGlobalSection
	GlobalSection(ExtensibilityGlobals) = postSolution
		SolutionGuid = {E8E37F99-8744-44AA-8014-9AEFE849E363}
	EndGlobalSection
EndGlobal
